git.happydns.org/checker-sdk-go v1.11.0 h1:+hs8OpcgvRMAoWyfqxih/Q0KYYUI1R8oFxO4RKioMLk=
git.happydns.org/checker-sdk-go v1.11.0/go.mod h1:aNAcfYFfbhvH9kJhE0Njp5GX0dQbxdRB0rJ0KvSC5nI=
git.happydns.org/checker-tls v0.8.0 h1:lDNbO/mD4ny2L0EDLeSOxiwrtEi5N2FHFT9C7slhtnc=
git.happydns.org/checker-tls v0.8.0/go.mod h1:Aj4sEpgNoQOEumLFJ9kK0JGXNZzGLgGZwNIgQY+YJlc=
